// !$*UTF8*$!
{
	archiveVersion = 1;
	classes = {
	};
	objectVersion = 46;
	objects = {

/* Begin PBXBuildFile section */
		53D92EE91968BD460039C8D4 /* Foundation.framework in Frameworks */ = {isa = PBXBuildFile; fileRef = 53D92EE81968BD460039C8D4 /* Foundation.framework */; };
		53D92EEB1968BD460039C8D4 /* CoreGraphics.framework in Frameworks */ = {isa = PBXBuildFile; fileRef = 53D92EEA1968BD460039C8D4 /* CoreGraphics.framework */; };
		53D92EED1968BD460039C8D4 /* UIKit.framework in Frameworks */ = {isa = PBXBuildFile; fileRef = 53D92EEC1968BD460039C8D4 /* UIKit.framework */; };
		53D92EF31968BD460039C8D4 /* InfoPlist.strings in Resources */ = {isa = PBXBuildFile; fileRef = 53D92EF11968BD460039C8D4 /* InfoPlist.strings */; };
		53D92EF51968BD460039C8D4 /* main.m in Sources */ = {isa = PBXBuildFile; fileRef = 53D92EF41968BD460039C8D4 /* main.m */; };
		53D92EF91968BD460039C8D4 /* AppDelegate.m in Sources */ = {isa = PBXBuildFile; fileRef = 53D92EF81968BD460039C8D4 /* AppDelegate.m */; };
		53D92EFB1968BD460039C8D4 /* Images.xcassets in Resources */ = {isa = PBXBuildFile; fileRef = 53D92EFA1968BD460039C8D4 /* Images.xcassets */; };
		53D92F021968BD460039C8D4 /* XCTest.framework in Frameworks */ = {isa = PBXBuildFile; fileRef = 53D92F011968BD460039C8D4 /* XCTest.framework */; };
		53D92F031968BD460039C8D4 /* Foundation.framework in Frameworks */ = {isa = PBXBuildFile; fileRef = 53D92EE81968BD460039C8D4 /* Foundation.framework */; };
		53D92F041968BD460039C8D4 /* UIKit.framework in Frameworks */ = {isa = PBXBuildFile; fileRef = 53D92EEC1968BD460039C8D4 /* UIKit.framework */; };
		53D92F0C1968BD470039C8D4 /* InfoPlist.strings in Resources */ = {isa = PBXBuildFile; fileRef = 53D92F0A1968BD470039C8D4 /* InfoPlist.strings */; };
		53D92F0E1968BD470039C8D4 /* ToDoListTests.m in Sources */ = {isa = PBXBuildFile; fileRef = 53D92F0D1968BD470039C8D4 /* ToDoListTests.m */; };
		53D92F181968BF760039C8D4 /* Main.storyboard in Resources */ = {isa = PBXBuildFile; fileRef = 53D92F171968BF760039C8D4 /* Main.storyboard */; };
		53D92F1B1968CB180039C8D4 /* AddToDoItemViewController.m in Sources */ = {isa = PBXBuildFile; fileRef = 53D92F1A1968CB180039C8D4 /* AddToDoItemViewController.m */; };
		53D92F1E1968CBE90039C8D4 /* ToDoListTableViewController.m in Sources */ = {isa = PBXBuildFile; fileRef = 53D92F1D1968CBE90039C8D4 /* ToDoListTableViewController.m */; };
		53D92F211968D0ED0039C8D4 /* ToDoItem.m in Sources */ = {isa = PBXBuildFile; fileRef = 53D92F201968D0ED0039C8D4 /* ToDoItem.m */; };
/* End PBXBuildFile section */

/* Begin PBXContainerItemProxy section */
		53D92F051968BD470039C8D4 /* PBXContainerItemProxy */ = {
			isa = PBXContainerItemProxy;
			containerPortal = 53D92EDD1968BD460039C8D4 /* Project object */;
			proxyType = 1;
			remoteGlobalIDString = 53D92EE41968BD460039C8D4;
			remoteInfo = ToDoList;
		};
/* End PBXContainerItemProxy section */

/* Begin PBXFileReference section */
		53D92EE51968BD460039C8D4 /* ToDoList.app */ = {isa = PBXFileReference; explicitFileType = wrapper.application; includeInIndex = 0; path = ToDoList.app; sourceTree = BUILT_PRODUCTS_DIR; };
		53D92EE81968BD460039C8D4 /* Foundation.framework */ = {isa = PBXFileReference; lastKnownFileType = wrapper.framework; name = Foundation.framework; path = System/Library/Frameworks/Foundation.framework; sourceTree = SDKROOT; };
		53D92EEA1968BD460039C8D4 /* CoreGraphics.framework */ = {isa = PBXFileReference; lastKnownFileType = wrapper.framework; name = CoreGraphics.framework; path = System/Library/Frameworks/CoreGraphics.framework; sourceTree = SDKROOT; };
		53D92EEC1968BD460039C8D4 /* UIKit.framework */ = {isa = PBXFileReference; lastKnownFileType = wrapper.framework; name = UIKit.framework; path = System/Library/Frameworks/UIKit.framework; sourceTree = SDKROOT; };
		53D92EF01968BD460039C8D4 /* ToDoList-Info.plist */ = {isa = PBXFileReference; lastKnownFileType = text.plist.xml; path = "ToDoList-Info.plist"; sourceTree = "<group>"; };
		53D92EF21968BD460039C8D4 /* en */ = {isa = PBXFileReference; lastKnownFileType = text.plist.strings; name = en; path = en.lproj/InfoPlist.strings; sourceTree = "<group>"; };
		53D92EF41968BD460039C8D4 /* main.m */ = {isa = PBXFileReference; lastKnownFileType = sourcecode.c.objc; path = main.m; sourceTree = "<group>"; };
		53D92EF61968BD460039C8D4 /* ToDoList-Prefix.pch */ = {isa = PBXFileReference; lastKnownFileType = sourcecode.c.h; path = "ToDoList-Prefix.pch"; sourceTree = "<group>"; };
		53D92EF71968BD460039C8D4 /* AppDelegate.h */ = {isa = PBXFileReference; lastKnownFileType = sourcecode.c.h; path = AppDelegate.h; sourceTree = "<group>"; };
		53D92EF81968BD460039C8D4 /* AppDelegate.m */ = {isa = PBXFileReference; lastKnownFileType = sourcecode.c.objc; path = AppDelegate.m; sourceTree = "<group>"; };
		53D92EFA1968BD460039C8D4 /* Images.xcassets */ = {isa = PBXFileReference; lastKnownFileType = folder.assetcatalog; path = Images.xcassets; sourceTree = "<group>"; };
		53D92F001968BD460039C8D4 /* ToDoListTests.xctest */ = {isa = PBXFileReference; explicitFileType = wrapper.cfbundle; includeInIndex = 0; path = ToDoListTests.xctest; sourceTree = BUILT_PRODUCTS_DIR; };
		53D92F011968BD460039C8D4 /* XCTest.framework */ = {isa = PBXFileReference; lastKnownFileType = wrapper.framework; name = XCTest.framework; path = Library/Frameworks/XCTest.framework; sourceTree = DEVELOPER_DIR; };
		53D92F091968BD470039C8D4 /* ToDoListTests-Info.plist */ = {isa = PBXFileReference; lastKnownFileType = text.plist.xml; path = "ToDoListTests-Info.plist"; sourceTree = "<group>"; };
		53D92F0B1968BD470039C8D4 /* en */ = {isa = PBXFileReference; lastKnownFileType = text.plist.strings; name = en; path = en.lproj/InfoPlist.strings; sourceTree = "<group>"; };
		53D92F0D1968BD470039C8D4 /* ToDoListTests.m */ = {isa = PBXFileReference; lastKnownFileType = sourcecode.c.objc; path = ToDoListTests.m; sourceTree = "<group>"; };
		53D92F171968BF760039C8D4 /* Main.storyboard */ = {isa = PBXFileReference; fileEncoding = 4; lastKnownFileType = file.storyboard; path = Main.storyboard; sourceTree = "<group>"; };
		53D92F191968CB180039C8D4 /* AddToDoItemViewController.h */ = {isa = PBXFileReference; fileEncoding = 4; lastKnownFileType = sourcecode.c.h; name = AddToDoItemViewController.h; path = ../AddToDoItemViewController.h; sourceTree = "<group>"; };
		53D92F1A1968CB180039C8D4 /* AddToDoItemViewController.m */ = {isa = PBXFileReference; fileEncoding = 4; lastKnownFileType = sourcecode.c.objc; name = AddToDoItemViewController.m; path = ../AddToDoItemViewController.m; sourceTree = "<group>"; };
		53D92F1C1968CBE90039C8D4 /* ToDoListTableViewController.h */ = {isa = PBXFileReference; fileEncoding = 4; lastKnownFileType = sourcecode.c.h; path = ToDoListTableViewController.h; sourceTree = "<group>"; };
		53D92F1D1968CBE90039C8D4 /* ToDoListTableViewController.m */ = {isa = PBXFileReference; fileEncoding = 4; lastKnownFileType = sourcecode.c.objc; path = ToDoListTableViewController.m; sourceTree = "<group>"; };
		53D92F1F1968D0ED0039C8D4 /* ToDoItem.h */ = {isa = PBXFileReference; fileEncoding = 4; lastKnownFileType = sourcecode.c.h; name = ToDoItem.h; path = ../ToDoItem.h; sourceTree = "<group>"; };
		53D92F201968D0ED0039C8D4 /* ToDoItem.m */ = {isa = PBXFileReference; fileEncoding = 4; lastKnownFileType = sourcecode.c.objc; name = ToDoItem.m; path = ../ToDoItem.m; sourceTree = "<group>"; };
/* End PBXFileReference section */

/* Begin PBXFrameworksBuildPhase section */
		53D92EE21968BD460039C8D4 /* Frameworks */ = {
			isa = PBXFrameworksBuildPhase;
			buildActionMask = 2147483647;
			files = (
				53D92EEB1968BD460039C8D4 /* CoreGraphics.framework in Frameworks */,
				53D92EED1968BD460039C8D4 /* UIKit.framework in Frameworks */,
				53D92EE91968BD460039C8D4 /* Foundation.framework in Frameworks */,
			);
			runOnlyForDeploymentPostprocessing = 0;
		};
		53D92EFD1968BD460039C8D4 /* Frameworks */ = {
			isa = PBXFrameworksBuildPhase;
			buildActionMask = 2147483647;
			files = (
				53D92F021968BD460039C8D4 /* XCTest.framework in Frameworks */,
				53D92F041968BD460039C8D4 /* UIKit.framework in Frameworks */,
				53D92F031968BD460039C8D4 /* Foundation.framework in Frameworks */,
			);
			runOnlyForDeploymentPostprocessing = 0;
		};
/* End PBXFrameworksBuildPhase section */

/* Begin PBXGroup section */
		53D92EDC1968BD460039C8D4 = {
			isa = PBXGroup;
			children = (
				53D92EEE1968BD460039C8D4 /* ToDoList */,
				53D92F071968BD470039C8D4 /* ToDoListTests */,
				53D92EE71968BD460039C8D4 /* Frameworks */,
				53D92EE61968BD460039C8D4 /* Products */,
			);
			sourceTree = "<group>";
		};
		53D92EE61968BD460039C8D4 /* Products */ = {
			isa = PBXGroup;
			children = (
				53D92EE51968BD460039C8D4 /* ToDoList.app */,
				53D92F001968BD460039C8D4 /* ToDoListTests.xctest */,
			);
			name = Products;
			sourceTree = "<group>";
		};
		53D92EE71968BD460039C8D4 /* Frameworks */ = {
			isa = PBXGroup;
			children = (
				53D92EE81968BD460039C8D4 /* Foundation.framework */,
				53D92EEA1968BD460039C8D4 /* CoreGraphics.framework */,
				53D92EEC1968BD460039C8D4 /* UIKit.framework */,
				53D92F011968BD460039C8D4 /* XCTest.framework */,
			);
			name = Frameworks;
			sourceTree = "<group>";
		};
		53D92EEE1968BD460039C8D4 /* ToDoList */ = {
			isa = PBXGroup;
			children = (
				53D92EF71968BD460039C8D4 /* AppDelegate.h */,
				53D92EF81968BD460039C8D4 /* AppDelegate.m */,
				53D92F171968BF760039C8D4 /* Main.storyboard */,
				53D92F1C1968CBE90039C8D4 /* ToDoListTableViewController.h */,
				53D92F1D1968CBE90039C8D4 /* ToDoListTableViewController.m */,
				53D92F191968CB180039C8D4 /* AddToDoItemViewController.h */,
				53D92F1A1968CB180039C8D4 /* AddToDoItemViewController.m */,
				53D92F1F1968D0ED0039C8D4 /* ToDoItem.h */,
				53D92F201968D0ED0039C8D4 /* ToDoItem.m */,
				53D92EFA1968BD460039C8D4 /* Images.xcassets */,
				53D92EEF1968BD460039C8D4 /* Supporting Files */,
			);
			path = ToDoList;
			sourceTree = "<group>";
		};
		53D92EEF1968BD460039C8D4 /* Supporting Files */ = {
			isa = PBXGroup;
			children = (
				53D92EF01968BD460039C8D4 /* ToDoList-Info.plist */,
				53D92EF11968BD460039C8D4 /* InfoPlist.strings */,
				53D92EF41968BD460039C8D4 /* main.m */,
				53D92EF61968BD460039C8D4 /* ToDoList-Prefix.pch */,
			);
			name = "Supporting Files";
			sourceTree = "<group>";
		};
		53D92F071968BD470039C8D4 /* ToDoListTests */ = {
			isa = PBXGroup;
			children = (
				53D92F0D1968BD470039C8D4 /* ToDoListTests.m */,
				53D92F081968BD470039C8D4 /* Supporting Files */,
			);
			path = ToDoListTests;
			sourceTree = "<group>";
		};
		53D92F081968BD470039C8D4 /* Supporting Files */ = {
			isa = PBXGroup;
			children = (
				53D92F091968BD470039C8D4 /* ToDoListTests-Info.plist */,
				53D92F0A1968BD470039C8D4 /* InfoPlist.strings */,
			);
			name = "Supporting Files";
			sourceTree = "<group>";
		};
/* End PBXGroup section */

/* Begin PBXNativeTarget section */
		53D92EE41968BD460039C8D4 /* ToDoList */ = {
			isa = PBXNativeTarget;
			buildConfigurationList = 53D92F111968BD470039C8D4 /* Build configuration list for PBXNativeTarget "ToDoList" */;
			buildPhases = (
				53D92EE11968BD460039C8D4 /* Sources */,
				53D92EE21968BD460039C8D4 /* Frameworks */,
				53D92EE31968BD460039C8D4 /* Resources */,
			);
			buildRules = (
			);
			dependencies = (
			);
			name = ToDoList;
			productName = ToDoList;
			productReference = 53D92EE51968BD460039C8D4 /* ToDoList.app */;
			productType = "com.apple.product-type.application";
		};
		53D92EFF1968BD460039C8D4 /* ToDoListTests */ = {
			isa = PBXNativeTarget;
			buildConfigurationList = 53D92F141968BD470039C8D4 /* Build configuration list for PBXNativeTarget "ToDoListTests" */;
			buildPhases = (
				53D92EFC1968BD460039C8D4 /* Sources */,
				53D92EFD1968BD460039C8D4 /* Frameworks */,
				53D92EFE1968BD460039C8D4 /* Resources */,
			);
			buildRules = (
			);
			dependencies = (
				53D92F061968BD470039C8D4 /* PBXTargetDependency */,
			);
			name = ToDoListTests;
			productName = ToDoListTests;
			productReference = 53D92F001968BD460039C8D4 /* ToDoListTests.xctest */;
			productType = "com.apple.product-type.bundle.unit-test";
		};
/* End PBXNativeTarget section */

/* Begin PBXProject section */
		53D92EDD1968BD460039C8D4 /* Project object */ = {
			isa = PBXProject;
			attributes = {
				LastUpgradeCheck = 0510;
				TargetAttributes = {
					53D92EFF1968BD460039C8D4 = {
						TestTargetID = 53D92EE41968BD460039C8D4;
					};
				};
			};
			buildConfigurationList = 53D92EE01968BD460039C8D4 /* Build configuration list for PBXProject "ToDoList" */;
			compatibilityVersion = "Xcode 3.2";
			developmentRegion = English;
			hasScannedForEncodings = 0;
			knownRegions = (
				en,
			);
			mainGroup = 53D92EDC1968BD460039C8D4;
			productRefGroup = 53D92EE61968BD460039C8D4 /* Products */;
			projectDirPath = "";
			projectRoot = "";
			targets = (
				53D92EE41968BD460039C8D4 /* ToDoList */,
				53D92EFF1968BD460039C8D4 /* ToDoListTests */,
			);
		};
/* End PBXProject section */

/* Begin PBXResourcesBuildPhase section */
		53D92EE31968BD460039C8D4 /* Resources */ = {
			isa = PBXResourcesBuildPhase;
			buildActionMask = 2147483647;
			files = (
				53D92F181968BF760039C8D4 /* Main.storyboard in Resources */,
				53D92EF31968BD460039C8D4 /* InfoPlist.strings in Resources */,
				53D92EFB1968BD460039C8D4 /* Images.xcassets in Resources */,
			);
			runOnlyForDeploymentPostprocessing = 0;
		};
		53D92EFE1968BD460039C8D4 /* Resources */ = {
			isa = PBXResourcesBuildPhase;
			buildActionMask = 2147483647;
			files = (
				53D92F0C1968BD470039C8D4 /* InfoPlist.strings in Resources */,
			);
			runOnlyForDeploymentPostprocessing = 0;
		};
/* End PBXResourcesBuildPhase section */

/* Begin PBXSourcesBuildPhase section */
		53D92EE11968BD460039C8D4 /* Sources */ = {
			isa = PBXSourcesBuildPhase;
			buildActionMask = 2147483647;
			files = (
				53D92EF91968BD460039C8D4 /* AppDelegate.m in Sources */,
				53D92F211968D0ED0039C8D4 /* ToDoItem.m in Sources */,
				53D92F1E1968CBE90039C8D4 /* ToDoListTableViewController.m in Sources */,
				53D92EF51968BD460039C8D4 /* main.m in Sources */,
				53D92F1B1968CB180039C8D4 /* AddToDoItemViewController.m in Sources */,
			);
			runOnlyForDeploymentPostprocessing = 0;
		};
		53D92EFC1968BD460039C8D4 /* Sources */ = {
			isa = PBXSourcesBuildPhase;
			buildActionMask = 2147483647;
			files = (
				53D92F0E1968BD470039C8D4 /* ToDoListTests.m in Sources */,
			);
			runOnlyForDeploymentPostprocessing = 0;
		};
/* End PBXSourcesBuildPhase section */

/* Begin PBXTargetDependency section */
		53D92F061968BD470039C8D4 /* PBXTargetDependency */ = {
			isa = PBXTargetDependency;
			target = 53D92EE41968BD460039C8D4 /* ToDoList */;
			targetProxy = 53D92F051968BD470039C8D4 /* PBXContainerItemProxy */;
		};
/* End PBXTargetDependency section */

/* Begin PBXVariantGroup section */
		53D92EF11968BD460039C8D4 /* InfoPlist.strings */ = {
			isa = PBXVariantGroup;
			children = (
				53D92EF21968BD460039C8D4 /* en */,
			);
			name = InfoPlist.strings;
			sourceTree = "<group>";
		};
		53D92F0A1968BD470039C8D4 /* InfoPlist.strings */ = {
			isa = PBXVariantGroup;
			children = (
				53D92F0B1968BD470039C8D4 /* en */,
			);
			name = InfoPlist.strings;
			sourceTree = "<group>";
		};
/* End PBXVariantGroup section */

/* Begin XCBuildConfiguration section */
		53D92F0F1968BD470039C8D4 /* Debug */ = {
			isa = XCBuildConfiguration;
			buildSettings = {
				ALWAYS_SEARCH_USER_PATHS = NO;
				CLANG_CXX_LANGUAGE_STANDARD = "gnu++0x";
				CLANG_CXX_LIBRARY = "libc++";
				CLANG_ENABLE_MODULES = YES;
				CLANG_ENABLE_OBJC_ARC = YES;
				CLANG_WARN_BOOL_CONVERSION = YES;
				CLANG_WARN_CONSTANT_CONVERSION = YES;
				CLANG_WARN_DIRECT_OBJC_ISA_USAGE = YES_ERROR;
				CLANG_WARN_EMPTY_BODY = YES;
				CLANG_WARN_ENUM_CONVERSION = YES;
				CLANG_WARN_INT_CONVERSION = YES;
				CLANG_WARN_OBJC_ROOT_CLASS = YES_ERROR;
				CLANG_WARN__DUPLICATE_METHOD_MATCH = YES;
				"CODE_SIGN_IDENTITY[sdk=iphoneos*]" = "iPhone Developer";
				COPY_PHASE_STRIP = NO;
				GCC_C_LANGUAGE_STANDARD = gnu99;
				GCC_DYNAMIC_NO_PIC = NO;
				GCC_OPTIMIZATION_LEVEL = 0;
				GCC_PREPROCESSOR_DEFINITIONS = (
					"DEBUG=1",
					"$(inherited)",
				);
				GCC_SYMBOLS_PRIVATE_EXTERN = NO;
				GCC_WARN_64_TO_32_BIT_CONVERSION = YES;
				GCC_WARN_ABOUT_RETURN_TYPE = YES_ERROR;
				GCC_WARN_UNDECLARED_SELECTOR = YES;
				GCC_WARN_UNINITIALIZED_AUTOS = YES_AGGRESSIVE;
				GCC_WARN_UNUSED_FUNCTION = YES;
				GCC_WARN_UNUSED_VARIABLE = YES;
				IPHONEOS_DEPLOYMENT_TARGET = 7.1;
				ONLY_ACTIVE_ARCH = YES;
				SDKROOT = iphoneos;
			};
			name = Debug;
		};
		53D92F101968BD470039C8D4 /* Release */ = {
			isa = XCBuildConfiguration;
			buildSettings = {
				ALWAYS_SEARCH_USER_PATHS = NO;
				CLANG_CXX_LANGUAGE_STANDARD = "gnu++0x";
				CLANG_CXX_LIBRARY = "libc++";
				CLANG_ENABLE_MODULES = YES;
				CLANG_ENABLE_OBJC_ARC = YES;
				CLANG_WARN_BOOL_CONVERSION = YES;
				CLANG_WARN_CONSTANT_CONVERSION = YES;
				CLANG_WARN_DIRECT_OBJC_ISA_USAGE = YES_ERROR;
				CLANG_WARN_EMPTY_BODY = YES;
				CLANG_WARN_ENUM_CONVERSION = YES;
				CLANG_WARN_INT_CONVERSION = YES;
				CLANG_WARN_OBJC_ROOT_CLASS = YES_ERROR;
				CLANG_WARN__DUPLICATE_METHOD_MATCH = YES;
				"CODE_SIGN_IDENTITY[sdk=iphoneos*]" = "iPhone Developer";
				COPY_PHASE_STRIP = YES;
				ENABLE_NS_ASSERTIONS = NO;
				GCC_C_LANGUAGE_STANDARD = gnu99;
				GCC_WARN_64_TO_32_BIT_CONVERSION = YES;
				GCC_WARN_ABOUT_RETURN_TYPE = YES_ERROR;
				GCC_WARN_UNDECLARED_SELECTOR = YES;
				GCC_WARN_UNINITIALIZED_AUTOS = YES_AGGRESSIVE;
				GCC_WARN_UNUSED_FUNCTION = YES;
				GCC_WARN_UNUSED_VARIABLE = YES;
				IPHONEOS_DEPLOYMENT_TARGET = 7.1;
				SDKROOT = iphoneos;
				VALIDATE_PRODUCT = YES;
			};
			name = Release;
		};
		53D92F121968BD470039C8D4 /* Debug */ = {
			isa = XCBuildConfiguration;
			buildSettings = {
				ASSETCATALOG_COMPILER_APPICON_NAME = AppIcon;
				ASSETCATALOG_COMPILER_LAUNCHIMAGE_NAME = LaunchImage;
				GCC_PRECOMPILE_PREFIX_HEADER = YES;
				GCC_PREFIX_HEADER = "ToDoList/ToDoList-Prefix.pch";
				INFOPLIST_FILE = "ToDoList/ToDoList-Info.plist";
				PRODUCT_NAME = "$(TARGET_NAME)";
				WRAPPER_EXTENSION = app;
			};
			name = Debug;
		};
		53D92F131968BD470039C8D4 /* Release */ = {
			isa = XCBuildConfiguration;
			buildSettings = {
				ASSETCATALOG_COMPILER_APPICON_NAME = AppIcon;
				ASSETCATALOG_COMPILER_LAUNCHIMAGE_NAME = LaunchImage;
				GCC_PRECOMPILE_PREFIX_HEADER = YES;
				GCC_PREFIX_HEADER = "ToDoList/ToDoList-Prefix.pch";
				INFOPLIST_FILE = "ToDoList/ToDoList-Info.plist";
				PRODUCT_NAME = "$(TARGET_NAME)";
				WRAPPER_EXTENSION = app;
			};
			name = Release;
		};
		53D92F151968BD470039C8D4 /* Debug */ = {
			isa = XCBuildConfiguration;
			buildSettings = {
				BUNDLE_LOADER = "$(BUILT_PRODUCTS_DIR)/ToDoList.app/ToDoList";
				FRAMEWORK_SEARCH_PATHS = (
					"$(SDKROOT)/Developer/Library/Frameworks",
					"$(inherited)",
					"$(DEVELOPER_FRAMEWORKS_DIR)",
				);
				GCC_PRECOMPILE_PREFIX_HEADER = YES;
				GCC_PREFIX_HEADER = "ToDoList/ToDoList-Prefix.pch";
				GCC_PREPROCESSOR_DEFINITIONS = (
					"DEBUG=1",
					"$(inherited)",
				);
				INFOPLIST_FILE = "ToDoListTests/ToDoListTests-Info.plist";
				PRODUCT_NAME = "$(TARGET_NAME)";
				TEST_HOST = "$(BUNDLE_LOADER)";
				WRAPPER_EXTENSION = xctest;
			};
			name = Debug;
		};
		53D92F161968BD470039C8D4 /* Release */ = {
			isa = XCBuildConfiguration;
			buildSettings = {
				BUNDLE_LOADER = "$(BUILT_PRODUCTS_DIR)/ToDoList.app/ToDoList";
				FRAMEWORK_SEARCH_PATHS = (
					"$(SDKROOT)/Developer/Library/Frameworks",
					"$(inherited)",
					"$(DEVELOPER_FRAMEWORKS_DIR)",
				);
				GCC_PRECOMPILE_PREFIX_HEADER = YES;
				GCC_PREFIX_HEADER = "ToDoList/ToDoList-Prefix.pch";
				INFOPLIST_FILE = "ToDoListTests/ToDoListTests-Info.plist";
				PRODUCT_NAME = "$(TARGET_NAME)";
				TEST_HOST = "$(BUNDLE_LOADER)";
				WRAPPER_EXTENSION = xctest;
			};
			name = Release;
		};
/* End XCBuildConfiguration section */

/* Begin XCConfigurationList section */
		53D92EE01968BD460039C8D4 /* Build configuration list for PBXProject "ToDoList" */ = {
			isa = XCConfigurationList;
			buildConfigurations = (
				53D92F0F1968BD470039C8D4 /* Debug */,
				53D92F101968BD470039C8D4 /* Release */,
			);
			defaultConfigurationIsVisible = 0;
			defaultConfigurationName = Release;
		};
		53D92F111968BD470039C8D4 /* Build configuration list for PBXNativeTarget "ToDoList" */ = {
			isa = XCConfigurationList;
			buildConfigurations = (
				53D92F121968BD470039C8D4 /* Debug */,
				53D92F131968BD470039C8D4 /* Release */,
			);
			defaultConfigurationIsVisible = 0;
		};
		53D92F141968BD470039C8D4 /* Build configuration list for PBXNativeTarget "ToDoListTests" */ = {
			isa = XCConfigurationList;
			buildConfigurations = (
				53D92F151968BD470039C8D4 /* Debug */,
				53D92F161968BD470039C8D4 /* Release */,
			);
			defaultConfigurationIsVisible = 0;
		};
/* End XCConfigurationList section */
	};
	rootObject = 53D92EDD1968BD460039C8D4 /* Project object */;
}
